// !$*UTF8*$!
{
	archiveVersion = 1;
	classes = {
	};
	objectVersion = 46;
	objects = {

/* Begin PBXBuildFile section */
		180C51CC151B4ADE00792551 /* enterAlumButton.png in Resources */ = {isa = PBXBuildFile; fileRef = 180C51CB151B4ADE00792551 /* enterAlumButton.png */; };
		181BB4BC152985D70090E900 /* backgroundImageViewHV.png in Resources */ = {isa = PBXBuildFile; fileRef = 181BB4B3152985D70090E900 /* backgroundImageViewHV.png */; };
		181BB4BD152985D70090E900 /* beforeButton.png in Resources */ = {isa = PBXBuildFile; fileRef = 181BB4B4152985D70090E900 /* beforeButton.png */; };
		181BB4BE152985D70090E900 /* help.psd in Resources */ = {isa = PBXBuildFile; fileRef = 181BB4B5152985D70090E900 /* help.psd */; };
		181BB4BF152985D70090E900 /* helpImageView1.png in Resources */ = {isa = PBXBuildFile; fileRef = 181BB4B6152985D70090E900 /* helpImageView1.png */; };
		181BB4C0152985D70090E900 /* helpImageView2.png in Resources */ = {isa = PBXBuildFile; fileRef = 181BB4B7152985D70090E900 /* helpImageView2.png */; };
		181BB4C1152985D70090E900 /* helpImageView3.png in Resources */ = {isa = PBXBuildFile; fileRef = 181BB4B8152985D70090E900 /* helpImageView3.png */; };
		181BB4C2152985D70090E900 /* helpImageView4.png in Resources */ = {isa = PBXBuildFile; fileRef = 181BB4B9152985D70090E900 /* helpImageView4.png */; };
		181BB4C3152985D70090E900 /* nextButton.png in Resources */ = {isa = PBXBuildFile; fileRef = 181BB4BA152985D70090E900 /* nextButton.png */; };
		181BB4C4152985D70090E900 /* returnButton.png in Resources */ = {isa = PBXBuildFile; fileRef = 181BB4BB152985D70090E900 /* returnButton.png */; };
		181BB4CB152990350090E900 /* drawWorkBackgroundImageView0.png in Resources */ = {isa = PBXBuildFile; fileRef = 181BB4CA152990340090E900 /* drawWorkBackgroundImageView0.png */; };
		181BB4D7152996AD0090E900 /* SWHelpViewController.m in Sources */ = {isa = PBXBuildFile; fileRef = 181BB4D5152996AC0090E900 /* SWHelpViewController.m */; };
		181BB4D8152996AD0090E900 /* SWHelpViewController.xib in Resources */ = {isa = PBXBuildFile; fileRef = 181BB4D6152996AC0090E900 /* SWHelpViewController.xib */; };
		183D717A152493E300F30569 /* colorButton1.png in Resources */ = {isa = PBXBuildFile; fileRef = 183D7167152493E300F30569 /* colorButton1.png */; };
		183D717B152493E300F30569 /* colorButton10.png in Resources */ = {isa = PBXBuildFile; fileRef = 183D7168152493E300F30569 /* colorButton10.png */; };
		183D717C152493E300F30569 /* colorButton11.png in Resources */ = {isa = PBXBuildFile; fileRef = 183D7169152493E300F30569 /* colorButton11.png */; };
		183D717D152493E300F30569 /* colorButton12.png in Resources */ = {isa = PBXBuildFile; fileRef = 183D716A152493E300F30569 /* colorButton12.png */; };
		183D717E152493E300F30569 /* colorButton13.png in Resources */ = {isa = PBXBuildFile; fileRef = 183D716B152493E300F30569 /* colorButton13.png */; };
		183D717F152493E300F30569 /* colorButton14.png in Resources */ = {isa = PBXBuildFile; fileRef = 183D716C152493E300F30569 /* colorButton14.png */; };
		183D7180152493E300F30569 /* colorButton15.png in Resources */ = {isa = PBXBuildFile; fileRef = 183D716D152493E300F30569 /* colorButton15.png */; };
		183D7181152493E300F30569 /* colorButton16.png in Resources */ = {isa = PBXBuildFile; fileRef = 183D716E152493E300F30569 /* colorButton16.png */; };
		183D7182152493E300F30569 /* colorButton17.png in Resources */ = {isa = PBXBuildFile; fileRef = 183D716F152493E300F30569 /* colorButton17.png */; };
		183D7183152493E300F30569 /* colorButton18.png in Resources */ = {isa = PBXBuildFile; fileRef = 183D7170152493E300F30569 /* colorButton18.png */; };
		183D7184152493E300F30569 /* colorButton2.png in Resources */ = {isa = PBXBuildFile; fileRef = 183D7171152493E300F30569 /* colorButton2.png */; };
		183D7185152493E300F30569 /* colorButton3.png in Resources */ = {isa = PBXBuildFile; fileRef = 183D7172152493E300F30569 /* colorButton3.png */; };
		183D7186152493E300F30569 /* colorButton4.png in Resources */ = {isa = PBXBuildFile; fileRef = 183D7173152493E300F30569 /* colorButton4.png */; };
		183D7187152493E300F30569 /* colorButton5.png in Resources */ = {isa = PBXBuildFile; fileRef = 183D7174152493E300F30569 /* colorButton5.png */; };
		183D7188152493E300F30569 /* colorButton6.png in Resources */ = {isa = PBXBuildFile; fileRef = 183D7175152493E300F30569 /* colorButton6.png */; };
		183D7189152493E300F30569 /* colorButton7.png in Resources */ = {isa = PBXBuildFile; fileRef = 183D7176152493E300F30569 /* colorButton7.png */; };
		183D718A152493E300F30569 /* colorButton8.png in Resources */ = {isa = PBXBuildFile; fileRef = 183D7177152493E300F30569 /* colorButton8.png */; };
		183D718B152493E300F30569 /* colorButton9.png in Resources */ = {isa = PBXBuildFile; fileRef = 183D7178152493E300F30569 /* colorButton9.png */; };
		183D71981524962700F30569 /* doGoodImageView.png in Resources */ = {isa = PBXBuildFile; fileRef = 183D718D1524962700F30569 /* doGoodImageView.png */; };
		183D71991524962700F30569 /* doNotGoodImageView.png in Resources */ = {isa = PBXBuildFile; fileRef = 183D718E1524962700F30569 /* doNotGoodImageView.png */; };
		183D719A1524962700F30569 /* circlePasterTemplateImageView.png in Resources */ = {isa = PBXBuildFile; fileRef = 183D71901524962700F30569 /* circlePasterTemplateImageView.png */; };
		183D719B1524962700F30569 /* ellipsePasterTemplateImageView.png in Resources */ = {isa = PBXBuildFile; fileRef = 183D71911524962700F30569 /* ellipsePasterTemplateImageView.png */; };
		183D719C1524962700F30569 /* geometryPasterTemplateImageView.psd in Resources */ = {isa = PBXBuildFile; fileRef = 183D71921524962700F30569 /* geometryPasterTemplateImageView.psd */; };
		183D719D1524962700F30569 /* pentaclePasterTemplateImageView.png in Resources */ = {isa = PBXBuildFile; fileRef = 183D71931524962700F30569 /* pentaclePasterTemplateImageView.png */; };
		183D719E1524962700F30569 /* rectanglePasterTemplateImageView.png in Resources */ = {isa = PBXBuildFile; fileRef = 183D71941524962700F30569 /* rectanglePasterTemplateImageView.png */; };
		183D719F1524962700F30569 /* squarePasterTemplateImageView.png in Resources */ = {isa = PBXBuildFile; fileRef = 183D71951524962700F30569 /* squarePasterTemplateImageView.png */; };
		183D71A01524962700F30569 /* trapeziumPasterTemplateImageView.png in Resources */ = {isa = PBXBuildFile; fileRef = 183D71961524962700F30569 /* trapeziumPasterTemplateImageView.png */; };
		183D71A11524962700F30569 /* trianglePasterTemplateImageView.png in Resources */ = {isa = PBXBuildFile; fileRef = 183D71971524962700F30569 /* trianglePasterTemplateImageView.png */; };
		18401D52152AA7190016275B /* basicBackgroundImageView.png in Resources */ = {isa = PBXBuildFile; fileRef = 18401D4D152AA7190016275B /* basicBackgroundImageView.png */; };
		18401D53152AA7190016275B /* cancleButton.png in Resources */ = {isa = PBXBuildFile; fileRef = 18401D4E152AA7190016275B /* cancleButton.png */; };
		18401D54152AA7190016275B /* confirmButton.png in Resources */ = {isa = PBXBuildFile; fileRef = 18401D4F152AA7190016275B /* confirmButton.png */; };
		18401D55152AA7190016275B /* promptBackgroundImageView.png in Resources */ = {isa = PBXBuildFile; fileRef = 18401D50152AA7190016275B /* promptBackgroundImageView.png */; };
		18A64FD61529E67E005692C1 /* geometryPasterLibraryImageView.png in Resources */ = {isa = PBXBuildFile; fileRef = 18A64FD51529E67E005692C1 /* geometryPasterLibraryImageView.png */; };
		18A68C4F1522BF17006A594F /* SWDrawAlbumViewController.m in Sources */ = {isa = PBXBuildFile; fileRef = 18A68C4D1522BF17006A594F /* SWDrawAlbumViewController.m */; };
		18A68C501522BF17006A594F /* SWDrawAlbumViewController.xib in Resources */ = {isa = PBXBuildFile; fileRef = 18A68C4E1522BF17006A594F /* SWDrawAlbumViewController.xib */; };
		18A68C561522BF68006A594F /* backgroundImageViewDAV.png in Resources */ = {isa = PBXBuildFile; fileRef = 18A68C531522BF68006A594F /* backgroundImageViewDAV.png */; };
		18A68C571522BF68006A594F /* returnButton.png in Resources */ = {isa = PBXBuildFile; fileRef = 18A68C551522BF68006A594F /* returnButton.png */; };
		18C141DC1519DB5300632778 /* pasterTemplateButton1.png in Resources */ = {isa = PBXBuildFile; fileRef = 18C141D01519DB5300632778 /* pasterTemplateButton1.png */; };
		18C141DD1519DB5300632778 /* pasterTemplateButton10.png in Resources */ = {isa = PBXBuildFile; fileRef = 18C141D11519DB5300632778 /* pasterTemplateButton10.png */; };
		18C141DE1519DB5300632778 /* pasterTemplateButton11.png in Resources */ = {isa = PBXBuildFile; fileRef = 18C141D21519DB5300632778 /* pasterTemplateButton11.png */; };
		18C141DF1519DB5300632778 /* pasterTemplateButton12.png in Resources */ = {isa = PBXBuildFile; fileRef = 18C141D31519DB5300632778 /* pasterTemplateButton12.png */; };
		18C141E01519DB5300632778 /* pasterTemplateButton2.png in Resources */ = {isa = PBXBuildFile; fileRef = 18C141D41519DB5300632778 /* pasterTemplateButton2.png */; };
		18C141E11519DB5300632778 /* pasterTemplateButton3.png in Resources */ = {isa = PBXBuildFile; fileRef = 18C141D51519DB5300632778 /* pasterTemplateButton3.png */; };
		18C141E31519DB5300632778 /* pasterTemplateButton5.png in Resources */ = {isa = PBXBuildFile; fileRef = 18C141D71519DB5300632778 /* pasterTemplateButton5.png */; };
		18C141E51519DB5300632778 /* pasterTemplateButton7.png in Resources */ = {isa = PBXBuildFile; fileRef = 18C141D91519DB5300632778 /* pasterTemplateButton7.png */; };
		18C141E61519DB5300632778 /* pasterTemplateButton8.png in Resources */ = {isa = PBXBuildFile; fileRef = 18C141DA1519DB5300632778 /* pasterTemplateButton8.png */; };
		18C141E71519DB5300632778 /* pasterTemplateButton9.png in Resources */ = {isa = PBXBuildFile; fileRef = 18C141DB1519DB5300632778 /* pasterTemplateButton9.png */; };
		18C88F5614DA41DB00038D1C /* CFNetwork.framework in Frameworks */ = {isa = PBXBuildFile; fileRef = 18C88F5514DA41DB00038D1C /* CFNetwork.framework */; };
		18C88F5914DA41EC00038D1C /* QuartzCore.framework in Frameworks */ = {isa = PBXBuildFile; fileRef = 18C88F5814DA41EC00038D1C /* QuartzCore.framework */; };
		18C88F6514DA42FB00038D1C /* AFItemView.m in Sources */ = {isa = PBXBuildFile; fileRef = 18C88F5F14DA42FB00038D1C /* AFItemView.m */; };
		18C88F6614DA42FB00038D1C /* AFOpenFlowView.m in Sources */ = {isa = PBXBuildFile; fileRef = 18C88F6214DA42FB00038D1C /* AFOpenFlowView.m */; };
		18C88F6714DA42FB00038D1C /* AFUIImageReflection.m in Sources */ = {isa = PBXBuildFile; fileRef = 18C88F6414DA42FB00038D1C /* AFUIImageReflection.m */; };
		18D3C85F1521BB1300E2C732 /* uncreateTrapeziumPasterButton.png in Resources */ = {isa = PBXBuildFile; fileRef = 18D3C85E1521BB1300E2C732 /* uncreateTrapeziumPasterButton.png */; };
		18D3C8611521BB9100E2C732 /* createGeometryPasterButton.png in Resources */ = {isa = PBXBuildFile; fileRef = 18D3C8601521BB9100E2C732 /* createGeometryPasterButton.png */; };
		18D3C86C1521BE1C00E2C732 /* createCirclePasterButton.png in Resources */ = {isa = PBXBuildFile; fileRef = 18D3C8631521BE1C00E2C732 /* createCirclePasterButton.png */; };
		18D3C86D1521BE1C00E2C732 /* createEllipsePasterButton.png in Resources */ = {isa = PBXBuildFile; fileRef = 18D3C8641521BE1C00E2C732 /* createEllipsePasterButton.png */; };
		18D3C86E1521BE1C00E2C732 /* createGeometryPasterImageView.png in Resources */ = {isa = PBXBuildFile; fileRef = 18D3C8651521BE1C00E2C732 /* createGeometryPasterImageView.png */; };
		18D3C8701521BE1C00E2C732 /* createPentaclePasterButton.png in Resources */ = {isa = PBXBuildFile; fileRef = 18D3C8671521BE1C00E2C732 /* createPentaclePasterButton.png */; };
		18D3C8711521BE1C00E2C732 /* createRectanglePasterButton.png in Resources */ = {isa = PBXBuildFile; fileRef = 18D3C8681521BE1C00E2C732 /* createRectanglePasterButton.png */; };
		18D3C8721521BE1C00E2C732 /* createSquarePasterButton.png in Resources */ = {isa = PBXBuildFile; fileRef = 18D3C8691521BE1C00E2C732 /* createSquarePasterButton.png */; };
		18D3C8731521BE1C00E2C732 /* createTrapeziumPasterButton.png in Resources */ = {isa = PBXBuildFile; fileRef = 18D3C86A1521BE1C00E2C732 /* createTrapeziumPasterButton.png */; };
		18D3C8741521BE1C00E2C732 /* createTrianglePasterButton.png in Resources */ = {isa = PBXBuildFile; fileRef = 18D3C86B1521BE1C00E2C732 /* createTrianglePasterButton.png */; };
		18D451A71519CF6D0020FF29 /* pasterTemplateImageView1.png in Resources */ = {isa = PBXBuildFile; fileRef = 18D451901519CF6D0020FF29 /* pasterTemplateImageView1.png */; };
		18D451A81519CF6D0020FF29 /* pasterTemplateImageView10.png in Resources */ = {isa = PBXBuildFile; fileRef = 18D451911519CF6D0020FF29 /* pasterTemplateImageView10.png */; };
		18D451A91519CF6D0020FF29 /* pasterTemplateImageView11.png in Resources */ = {isa = PBXBuildFile; fileRef = 18D451921519CF6D0020FF29 /* pasterTemplateImageView11.png */; };
		18D451AA1519CF6D0020FF29 /* pasterTemplateImageView12.png in Resources */ = {isa = PBXBuildFile; fileRef = 18D451931519CF6D0020FF29 /* pasterTemplateImageView12.png */; };
		18D451AB1519CF6D0020FF29 /* pasterTemplateImageView2.png in Resources */ = {isa = PBXBuildFile; fileRef = 18D451941519CF6D0020FF29 /* pasterTemplateImageView2.png */; };
		18D451AC1519CF6D0020FF29 /* pasterTemplateImageView3.png in Resources */ = {isa = PBXBuildFile; fileRef = 18D451951519CF6D0020FF29 /* pasterTemplateImageView3.png */; };
		18D451AD1519CF6D0020FF29 /* pasterTemplateImageView4.png in Resources */ = {isa = PBXBuildFile; fileRef = 18D451961519CF6D0020FF29 /* pasterTemplateImageView4.png */; };
		18D451AE1519CF6D0020FF29 /* pasterTemplateImageView5.png in Resources */ = {isa = PBXBuildFile; fileRef = 18D451971519CF6D0020FF29 /* pasterTemplateImageView5.png */; };
		18D451AF1519CF6D0020FF29 /* pasterTemplateImageView6.png in Resources */ = {isa = PBXBuildFile; fileRef = 18D451981519CF6D0020FF29 /* pasterTemplateImageView6.png */; };
		18D451B01519CF6D0020FF29 /* pasterTemplateImageView7.png in Resources */ = {isa = PBXBuildFile; fileRef = 18D451991519CF6D0020FF29 /* pasterTemplateImageView7.png */; };
		18D451B11519CF6D0020FF29 /* pasterTemplateImageView8.png in Resources */ = {isa = PBXBuildFile; fileRef = 18D4519A1519CF6D0020FF29 /* pasterTemplateImageView8.png */; };
		18D451B21519CF6D0020FF29 /* pasterTemplateImageView9.png in Resources */ = {isa = PBXBuildFile; fileRef = 18D4519B1519CF6D0020FF29 /* pasterTemplateImageView9.png */; };
		18D451B31519CF6D0020FF29 /* uncreateCirclePasterButton.png in Resources */ = {isa = PBXBuildFile; fileRef = 18D4519D1519CF6D0020FF29 /* uncreateCirclePasterButton.png */; };
		18D451B41519CF6D0020FF29 /* uncreateEllipsePasterButton.png in Resources */ = {isa = PBXBuildFile; fileRef = 18D4519E1519CF6D0020FF29 /* uncreateEllipsePasterButton.png */; };
		18D451B61519CF6D0020FF29 /* uncreatePentaclePasterButton.png in Resources */ = {isa = PBXBuildFile; fileRef = 18D451A01519CF6D0020FF29 /* uncreatePentaclePasterButton.png */; };
		18D451B71519CF6D0020FF29 /* uncreateRectanglePasterButton.png in Resources */ = {isa = PBXBuildFile; fileRef = 18D451A11519CF6D0020FF29 /* uncreateRectanglePasterButton.png */; };
		18D451B81519CF6D0020FF29 /* uncreateSquarePasterButton.png in Resources */ = {isa = PBXBuildFile; fileRef = 18D451A21519CF6D0020FF29 /* uncreateSquarePasterButton.png */; };
		18D451BA1519CF6D0020FF29 /* uncreateTrianglePasterButton.png in Resources */ = {isa = PBXBuildFile; fileRef = 18D451A41519CF6D0020FF29 /* uncreateTrianglePasterButton.png */; };
		18D820FD15219B4100A720D7 /* clearButton.png in Resources */ = {isa = PBXBuildFile; fileRef = 18D820FC15219B4100A720D7 /* clearButton.png */; };
		18D821001521B5E100A720D7 /* pasterTemplateButton4.png in Resources */ = {isa = PBXBuildFile; fileRef = 18D820FF1521B5E100A720D7 /* pasterTemplateButton4.png */; };
		18D821021521B67800A720D7 /* pasterTemplateButton6.png in Resources */ = {isa = PBXBuildFile; fileRef = 18D821011521B67800A720D7 /* pasterTemplateButton6.png */; };
		18E1AD3E1522F0E100DAFE4D /* drawWorkBackgroundImageView1.png in Resources */ = {isa = PBXBuildFile; fileRef = 18E1AD3A1522F0E100DAFE4D /* drawWorkBackgroundImageView1.png */; };
		18E1AD3F1522F0E100DAFE4D /* drawWorkBackgroundImageView2.png in Resources */ = {isa = PBXBuildFile; fileRef = 18E1AD3B1522F0E100DAFE4D /* drawWorkBackgroundImageView2.png */; };
		18E1AD401522F0E100DAFE4D /* drawWorkBackgroundImageView3.png in Resources */ = {isa = PBXBuildFile; fileRef = 18E1AD3C1522F0E100DAFE4D /* drawWorkBackgroundImageView3.png */; };
		18E1AD411522F0E100DAFE4D /* drawWorkBackgroundImageView4.png in Resources */ = {isa = PBXBuildFile; fileRef = 18E1AD3D1522F0E100DAFE4D /* drawWorkBackgroundImageView4.png */; };
		18E6923B15172C400076E1EB /* SWNavigationViewController.m in Sources */ = {isa = PBXBuildFile; fileRef = 18E6923915172C400076E1EB /* SWNavigationViewController.m */; };
		18E6923C15172C400076E1EB /* SWNavigationViewController.xib in Resources */ = {isa = PBXBuildFile; fileRef = 18E6923A15172C400076E1EB /* SWNavigationViewController.xib */; };
		18E6924415172CF30076E1EB /* backgroundImageViewNV.png in Resources */ = {isa = PBXBuildFile; fileRef = 18E6923F15172CF30076E1EB /* backgroundImageViewNV.png */; };
		18E6924515172CF30076E1EB /* drawAlbumButton.png in Resources */ = {isa = PBXBuildFile; fileRef = 18E6924015172CF30076E1EB /* drawAlbumButton.png */; };
		18E6924615172CF30076E1EB /* drawViewButton.png in Resources */ = {isa = PBXBuildFile; fileRef = 18E6924115172CF30076E1EB /* drawViewButton.png */; };
		18E6924715172CF30076E1EB /* pasterWonderLandButton.png in Resources */ = {isa = PBXBuildFile; fileRef = 18E6924215172CF30076E1EB /* pasterWonderLandButton.png */; };
		18E6924815172CF30076E1EB /* sketchWonderlandImageView.png in Resources */ = {isa = PBXBuildFile; fileRef = 18E6924315172CF30076E1EB /* sketchWonderlandImageView.png */; };
		18EB664515187E6B00F8CAA1 /* backgroundImageView.png in Resources */ = {isa = PBXBuildFile; fileRef = 18EB663B15187E6B00F8CAA1 /* backgroundImageView.png */; };
		18EB664C15187E6B00F8CAA1 /* returnButton.png in Resources */ = {isa = PBXBuildFile; fileRef = 18EB664415187E6B00F8CAA1 /* returnButton.png */; };
		18EB665615187F2200F8CAA1 /* SWPasterWonderlandViewController.m in Sources */ = {isa = PBXBuildFile; fileRef = 18EB665415187F2200F8CAA1 /* SWPasterWonderlandViewController.m */; };
		18EB665715187F2200F8CAA1 /* SWPasterWonderlandViewController.xib in Resources */ = {isa = PBXBuildFile; fileRef = 18EB665515187F2200F8CAA1 /* SWPasterWonderlandViewController.xib */; };
		18EB665B151892D400F8CAA1 /* SWDrawViewController.m in Sources */ = {isa = PBXBuildFile; fileRef = 18EB6659151892D400F8CAA1 /* SWDrawViewController.m */; };
		18EB665C151892D400F8CAA1 /* SWDrawViewController.xib in Resources */ = {isa = PBXBuildFile; fileRef = 18EB665A151892D400F8CAA1 /* SWDrawViewController.xib */; };
		18EB668C1518930E00F8CAA1 /* DVCbackgroundImageView.png in Resources */ = {isa = PBXBuildFile; fileRef = 18EB66711518930E00F8CAA1 /* DVCbackgroundImageView.png */; };
		18EB668D1518930E00F8CAA1 /* grayMaskImageView.png in Resources */ = {isa = PBXBuildFile; fileRef = 18EB66731518930E00F8CAA1 /* grayMaskImageView.png */; };
		18EB668E1518930E00F8CAA1 /* redoButton.png in Resources */ = {isa = PBXBuildFile; fileRef = 18EB66741518930E00F8CAA1 /* redoButton.png */; };
		18EB668F1518930E00F8CAA1 /* removeGeometryPasterButton.png in Resources */ = {isa = PBXBuildFile; fileRef = 18EB66751518930E00F8CAA1 /* removeGeometryPasterButton.png */; };
		18EB66901518930E00F8CAA1 /* returnButton.png in Resources */ = {isa = PBXBuildFile; fileRef = 18EB66761518930E00F8CAA1 /* returnButton.png */; };
		18EB66911518930E00F8CAA1 /* saveButton.png in Resources */ = {isa = PBXBuildFile; fileRef = 18EB66771518930E00F8CAA1 /* saveButton.png */; };
		18EB66921518930E00F8CAA1 /* undoButton.png in Resources */ = {isa = PBXBuildFile; fileRef = 18EB66781518930E00F8CAA1 /* undoButton.png */; };
		A3B5BD5514BC200500CA3006 /* UIKit.framework in Frameworks */ = {isa = PBXBuildFile; fileRef = A3B5BD5414BC200500CA3006 /* UIKit.framework */; };
		A3B5BD5714BC200500CA3006 /* Foundation.framework in Frameworks */ = {isa = PBXBuildFile; fileRef = A3B5BD5614BC200500CA3006 /* Foundation.framework */; };
		A3B5BD5914BC200500CA3006 /* CoreGraphics.framework in Frameworks */ = {isa = PBXBuildFile; fileRef = A3B5BD5814BC200500CA3006 /* CoreGraphics.framework */; };
		A3B5BD5F14BC200500CA3006 /* InfoPlist.strings in Resources */ = {isa = PBXBuildFile; fileRef = A3B5BD5D14BC200500CA3006 /* InfoPlist.strings */; };
		A3B5BD6114BC200500CA3006 /* main.m in Sources */ = {isa = PBXBuildFile; fileRef = A3B5BD6014BC200500CA3006 /* main.m */; };
		A3B5BD6514BC200500CA3006 /* SketchWonderLandAppDelegate.m in Sources */ = {isa = PBXBuildFile; fileRef = A3B5BD6414BC200500CA3006 /* SketchWonderLandAppDelegate.m */; };
		A3B5BD6814BC200500CA3006 /* MainWindow.xib in Resources */ = {isa = PBXBuildFile; fileRef = A3B5BD6614BC200500CA3006 /* MainWindow.xib */; };
		A3B5BD6B14BC200500CA3006 /* SketchWonderLandViewController.m in Sources */ = {isa = PBXBuildFile; fileRef = A3B5BD6A14BC200500CA3006 /* SketchWonderLandViewController.m */; };
		A3B5BD6E14BC200500CA3006 /* SketchWonderLandViewController.xib in Resources */ = {isa = PBXBuildFile; fileRef = A3B5BD6C14BC200500CA3006 /* SketchWonderLandViewController.xib */; };
/* End PBXBuildFile section */

/* Begin PBXFileReference section */
		180C51CB151B4ADE00792551 /* enterAlumButton.png */ = {isa = PBXFileReference; lastKnownFileType = image.png; path = enterAlumButton.png; sourceTree = "<group>"; };
		181BB4B3152985D70090E900 /* backgroundImageViewHV.png */ = {isa = PBXFileReference; lastKnownFileType = image.png; path = backgroundImageViewHV.png; sourceTree = "<group>"; };
		181BB4B4152985D70090E900 /* beforeButton.png */ = {isa = PBXFileReference; lastKnownFileType = image.png; path = beforeButton.png; sourceTree = "<group>"; };
		181BB4B5152985D70090E900 /* help.psd */ = {isa = PBXFileReference; lastKnownFileType = file; path = help.psd; sourceTree = "<group>"; };
		181BB4B6152985D70090E900 /* helpImageView1.png */ = {isa = PBXFileReference; lastKnownFileType = image.png; path = helpImageView1.png; sourceTree = "<group>"; };
		181BB4B7152985D70090E900 /* helpImageView2.png */ = {isa = PBXFileReference; lastKnownFileType = image.png; path = helpImageView2.png; sourceTree = "<group>"; };
		181BB4B8152985D70090E900 /* helpImageView3.png */ = {isa = PBXFileReference; lastKnownFileType = image.png; path = helpImageView3.png; sourceTree = "<group>"; };
		181BB4B9152985D70090E900 /* helpImageView4.png */ = {isa = PBXFileReference; lastKnownFileType = image.png; path = helpImageView4.png; sourceTree = "<group>"; };
		181BB4BA152985D70090E900 /* nextButton.png */ = {isa = PBXFileReference; lastKnownFileType = image.png; path = nextButton.png; sourceTree = "<group>"; };
		181BB4BB152985D70090E900 /* returnButton.png */ = {isa = PBXFileReference; lastKnownFileType = image.png; path = returnButton.png; sourceTree = "<group>"; };
		181BB4CA152990340090E900 /* drawWorkBackgroundImageView0.png */ = {isa = PBXFileReference; lastKnownFileType = image.png; path = drawWorkBackgroundImageView0.png; sourceTree = "<group>"; };
		181BB4D4152996AC0090E900 /* SWHelpViewController.h */ = {isa = PBXFileReference; fileEncoding = 4; lastKnownFileType = sourcecode.c.h; path = SWHelpViewController.h; sourceTree = "<group>"; };
		181BB4D5152996AC0090E900 /* SWHelpViewController.m */ = {isa = PBXFileReference; fileEncoding = 4; lastKnownFileType = sourcecode.c.objc; path = SWHelpViewController.m; sourceTree = "<group>"; };
		181BB4D6152996AC0090E900 /* SWHelpViewController.xib */ = {isa = PBXFileReference; fileEncoding = 4; lastKnownFileType = file.xib; path = SWHelpViewController.xib; sourceTree = "<group>"; };
		183D7167152493E300F30569 /* colorButton1.png */ = {isa = PBXFileReference; lastKnownFileType = image.png; path = colorButton1.png; sourceTree = "<group>"; };
		183D7168152493E300F30569 /* colorButton10.png */ = {isa = PBXFileReference; lastKnownFileType = image.png; path = colorButton10.png; sourceTree = "<group>"; };
		183D7169152493E300F30569 /* colorButton11.png */ = {isa = PBXFileReference; lastKnownFileType = image.png; path = colorButton11.png; sourceTree = "<group>"; };
		183D716A152493E300F30569 /* colorButton12.png */ = {isa = PBXFileReference; lastKnownFileType = image.png; path = colorButton12.png; sourceTree = "<group>"; };
		183D716B152493E300F30569 /* colorButton13.png */ = {isa = PBXFileReference; lastKnownFileType = image.png; path = colorButton13.png; sourceTree = "<group>"; };
		183D716C152493E300F30569 /* colorButton14.png */ = {isa = PBXFileReference; lastKnownFileType = image.png; path = colorButton14.png; sourceTree = "<group>"; };
		183D716D152493E300F30569 /* colorButton15.png */ = {isa = PBXFileReference; lastKnownFileType = image.png; path = colorButton15.png; sourceTree = "<group>"; };
		183D716E152493E300F30569 /* colorButton16.png */ = {isa = PBXFileReference; lastKnownFileType = image.png; path = colorButton16.png; sourceTree = "<group>"; };
		183D716F152493E300F30569 /* colorButton17.png */ = {isa = PBXFileReference; lastKnownFileType = image.png; path = colorButton17.png; sourceTree = "<group>"; };
		183D7170152493E300F30569 /* colorButton18.png */ = {isa = PBXFileReference; lastKnownFileType = image.png; path = colorButton18.png; sourceTree = "<group>"; };
		183D7171152493E300F30569 /* colorButton2.png */ = {isa = PBXFileReference; lastKnownFileType = image.png; path = colorButton2.png; sourceTree = "<group>"; };
		183D7172152493E300F30569 /* colorButton3.png */ = {isa = PBXFileReference; lastKnownFileType = image.png; path = colorButton3.png; sourceTree = "<group>"; };
		183D7173152493E300F30569 /* colorButton4.png */ = {isa = PBXFileReference; lastKnownFileType = image.png; path = colorButton4.png; sourceTree = "<group>"; };
		183D7174152493E300F30569 /* colorButton5.png */ = {isa = PBXFileReference; lastKnownFileType = image.png; path = colorButton5.png; sourceTree = "<group>"; };
		183D7175152493E300F30569 /* colorButton6.png */ = {isa = PBXFileReference; lastKnownFileType = image.png; path = colorButton6.png; sourceTree = "<group>"; };
		183D7176152493E300F30569 /* colorButton7.png */ = {isa = PBXFileReference; lastKnownFileType = image.png; path = colorButton7.png; sourceTree = "<group>"; };
		183D7177152493E300F30569 /* colorButton8.png */ = {isa = PBXFileReference; lastKnownFileType = image.png; path = colorButton8.png; sourceTree = "<group>"; };
		183D7178152493E300F30569 /* colorButton9.png */ = {isa = PBXFileReference; lastKnownFileType = image.png; path = colorButton9.png; sourceTree = "<group>"; };
		183D718D1524962700F30569 /* doGoodImageView.png */ = {isa = PBXFileReference; lastKnownFileType = image.png; path = doGoodImageView.png; sourceTree = "<group>"; };
		183D718E1524962700F30569 /* doNotGoodImageView.png */ = {isa = PBXFileReference; lastKnownFileType = image.png; path = doNotGoodImageView.png; sourceTree = "<group>"; };
		183D71901524962700F30569 /* circlePasterTemplateImageView.png */ = {isa = PBXFileReference; lastKnownFileType = image.png; path = circlePasterTemplateImageView.png; sourceTree = "<group>"; };
		183D71911524962700F30569 /* ellipsePasterTemplateImageView.png */ = {isa = PBXFileReference; lastKnownFileType = image.png; path = ellipsePasterTemplateImageView.png; sourceTree = "<group>"; };
		183D71921524962700F30569 /* geometryPasterTemplateImageView.psd */ = {isa = PBXFileReference; lastKnownFileType = file; path = geometryPasterTemplateImageView.psd; sourceTree = "<group>"; };
		183D71931524962700F30569 /* pentaclePasterTemplateImageView.png */ = {isa = PBXFileReference; lastKnownFileType = image.png; path = pentaclePasterTemplateImageView.png; sourceTree = "<group>"; };
		183D71941524962700F30569 /* rectanglePasterTemplateImageView.png */ = {isa = PBXFileReference; lastKnownFileType = image.png; path = rectanglePasterTemplateImageView.png; sourceTree = "<group>"; };
		183D71951524962700F30569 /* squarePasterTemplateImageView.png */ = {isa = PBXFileReference; lastKnownFileType = image.png; path = squarePasterTemplateImageView.png; sourceTree = "<group>"; };
		183D71961524962700F30569 /* trapeziumPasterTemplateImageView.png */ = {isa = PBXFileReference; lastKnownFileType = image.png; path = trapeziumPasterTemplateImageView.png; sourceTree = "<group>"; };
		183D71971524962700F30569 /* trianglePasterTemplateImageView.png */ = {isa = PBXFileReference; lastKnownFileType = image.png; path = trianglePasterTemplateImageView.png; sourceTree = "<group>"; };
		18401D4D152AA7190016275B /* basicBackgroundImageView.png */ = {isa = PBXFileReference; lastKnownFileType = image.png; path = basicBackgroundImageView.png; sourceTree = "<group>"; };
		18401D4E152AA7190016275B /* cancleButton.png */ = {isa = PBXFileReference; lastKnownFileType = image.png; path = cancleButton.png; sourceTree = "<group>"; };
		18401D4F152AA7190016275B /* confirmButton.png */ = {isa = PBXFileReference; lastKnownFileType = image.png; path = confirmButton.png; sourceTree = "<group>"; };
		18401D50152AA7190016275B /* promptBackgroundImageView.png */ = {isa = PBXFileReference; lastKnownFileType = image.png; path = promptBackgroundImageView.png; sourceTree = "<group>"; };
		18A64FD51529E67E005692C1 /* geometryPasterLibraryImageView.png */ = {isa = PBXFileReference; lastKnownFileType = image.png; path = geometryPasterLibraryImageView.png; sourceTree = "<group>"; };
		18A68C4C1522BF17006A594F /* SWDrawAlbumViewController.h */ = {isa = PBXFileReference; fileEncoding = 4; lastKnownFileType = sourcecode.c.h; path = SWDrawAlbumViewController.h; sourceTree = "<group>"; };
		18A68C4D1522BF17006A594F /* SWDrawAlbumViewController.m */ = {isa = PBXFileReference; fileEncoding = 4; lastKnownFileType = sourcecode.c.objc; path = SWDrawAlbumViewController.m; sourceTree = "<group>"; };
		18A68C4E1522BF17006A594F /* SWDrawAlbumViewController.xib */ = {isa = PBXFileReference; fileEncoding = 4; lastKnownFileType = file.xib; path = SWDrawAlbumViewController.xib; sourceTree = "<group>"; };
		18A68C531522BF68006A594F /* backgroundImageViewDAV.png */ = {isa = PBXFileReference; lastKnownFileType = image.png; path = backgroundImageViewDAV.png; sourceTree = "<group>"; };
		18A68C551522BF68006A594F /* returnButton.png */ = {isa = PBXFileReference; lastKnownFileType = image.png; path = returnButton.png; sourceTree = "<group>"; };
		18C141D01519DB5300632778 /* pasterTemplateButton1.png */ = {isa = PBXFileReference; lastKnownFileType = image.png; path = pasterTemplateButton1.png; sourceTree = "<group>"; };
		18C141D11519DB5300632778 /* pasterTemplateButton10.png */ = {isa = PBXFileReference; lastKnownFileType = image.png; path = pasterTemplateButton10.png; sourceTree = "<group>"; };
		18C141D21519DB5300632778 /* pasterTemplateButton11.png */ = {isa = PBXFileReference; lastKnownFileType = image.png; path = pasterTemplateButton11.png; sourceTree = "<group>"; };
		18C141D31519DB5300632778 /* pasterTemplateButton12.png */ = {isa = PBXFileReference; lastKnownFileType = image.png; path = pasterTemplateButton12.png; sourceTree = "<group>"; };
		18C141D41519DB5300632778 /* pasterTemplateButton2.png */ = {isa = PBXFileReference; lastKnownFileType = image.png; path = pasterTemplateButton2.png; sourceTree = "<group>"; };
		18C141D51519DB5300632778 /* pasterTemplateButton3.png */ = {isa = PBXFileReference; lastKnownFileType = image.png; path = pasterTemplateButton3.png; sourceTree = "<group>"; };
		18C141D71519DB5300632778 /* pasterTemplateButton5.png */ = {isa = PBXFileReference; lastKnownFileType = image.png; path = pasterTemplateButton5.png; sourceTree = "<group>"; };
		18C141D91519DB5300632778 /* pasterTemplateButton7.png */ = {isa = PBXFileReference; lastKnownFileType = image.png; path = pasterTemplateButton7.png; sourceTree = "<group>"; };
		18C141DA1519DB5300632778 /* pasterTemplateButton8.png */ = {isa = PBXFileReference; lastKnownFileType = image.png; path = pasterTemplateButton8.png; sourceTree = "<group>"; };
		18C141DB1519DB5300632778 /* pasterTemplateButton9.png */ = {isa = PBXFileReference; lastKnownFileType = image.png; path = pasterTemplateButton9.png; sourceTree = "<group>"; };
		18C88F5514DA41DB00038D1C /* CFNetwork.framework */ = {isa = PBXFileReference; lastKnownFileType = wrapper.framework; name = CFNetwork.framework; path = System/Library/Frameworks/CFNetwork.framework; sourceTree = SDKROOT; };
		18C88F5814DA41EC00038D1C /* QuartzCore.framework */ = {isa = PBXFileReference; lastKnownFileType = wrapper.framework; name = QuartzCore.framework; path = System/Library/Frameworks/QuartzCore.framework; sourceTree = SDKROOT; };
		18C88F5E14DA42DE00038D1C /* AFItemView.h */ = {isa = PBXFileReference; fileEncoding = 4; lastKnownFileType = sourcecode.c.h; path = AFItemView.h; sourceTree = "<group>"; };
		18C88F5F14DA42FB00038D1C /* AFItemView.m */ = {isa = PBXFileReference; fileEncoding = 4; lastKnownFileType = sourcecode.c.objc; path = AFItemView.m; sourceTree = "<group>"; };
		18C88F6014DA42FB00038D1C /* AFOpenFlowConstants.h */ = {isa = PBXFileReference; fileEncoding = 4; lastKnownFileType = sourcecode.c.h; path = AFOpenFlowConstants.h; sourceTree = "<group>"; };
		18C88F6114DA42FB00038D1C /* AFOpenFlowView.h */ = {isa = PBXFileReference; fileEncoding = 4; lastKnownFileType = sourcecode.c.h; path = AFOpenFlowView.h; sourceTree = "<group>"; };
		18C88F6214DA42FB00038D1C /* AFOpenFlowView.m */ = {isa = PBXFileReference; fileEncoding = 4; lastKnownFileType = sourcecode.c.objc; path = AFOpenFlowView.m; sourceTree = "<group>"; };
		18C88F6314DA42FB00038D1C /* AFUIImageReflection.h */ = {isa = PBXFileReference; fileEncoding = 4; lastKnownFileType = sourcecode.c.h; path = AFUIImageReflection.h; sourceTree = "<group>"; };
		18C88F6414DA42FB00038D1C /* AFUIImageReflection.m */ = {isa = PBXFileReference; fileEncoding = 4; lastKnownFileType = sourcecode.c.objc; path = AFUIImageReflection.m; sourceTree = "<group>"; };
		18D3C85E1521BB1300E2C732 /* uncreateTrapeziumPasterButton.png */ = {isa = PBXFileReference; lastKnownFileType = image.png; path = uncreateTrapeziumPasterButton.png; sourceTree = "<group>"; };
		18D3C8601521BB9100E2C732 /* createGeometryPasterButton.png */ = {isa = PBXFileReference; lastKnownFileType = image.png; path = createGeometryPasterButton.png; sourceTree = "<group>"; };
		18D3C8631521BE1C00E2C732 /* createCirclePasterButton.png */ = {isa = PBXFileReference; lastKnownFileType = image.png; path = createCirclePasterButton.png; sourceTree = "<group>"; };
		18D3C8641521BE1C00E2C732 /* createEllipsePasterButton.png */ = {isa = PBXFileReference; lastKnownFileType = image.png; path = createEllipsePasterButton.png; sourceTree = "<group>"; };
		18D3C8651521BE1C00E2C732 /* createGeometryPasterImageView.png */ = {isa = PBXFileReference; lastKnownFileType = image.png; path = createGeometryPasterImageView.png; sourceTree = "<group>"; };
		18D3C8671521BE1C00E2C732 /* createPentaclePasterButton.png */ = {isa = PBXFileReference; lastKnownFileType = image.png; path = createPentaclePasterButton.png; sourceTree = "<group>"; };
		18D3C8681521BE1C00E2C732 /* createRectanglePasterButton.png */ = {isa = PBXFileReference; lastKnownFileType = image.png; path = createRectanglePasterButton.png; sourceTree = "<group>"; };
		18D3C8691521BE1C00E2C732 /* createSquarePasterButton.png */ = {isa = PBXFileReference; lastKnownFileType = image.png; path = createSquarePasterButton.png; sourceTree = "<group>"; };
		18D3C86A1521BE1C00E2C732 /* createTrapeziumPasterButton.png */ = {isa = PBXFileReference; lastKnownFileType = image.png; path = createTrapeziumPasterButton.png; sourceTree = "<group>"; };
		18D3C86B1521BE1C00E2C732 /* createTrianglePasterButton.png */ = {isa = PBXFileReference; lastKnownFileType = image.png; path = createTrianglePasterButton.png; sourceTree = "<group>"; };
		18D451901519CF6D0020FF29 /* pasterTemplateImageView1.png */ = {isa = PBXFileReference; lastKnownFileType = image.png; path = pasterTemplateImageView1.png; sourceTree = "<group>"; };
		18D451911519CF6D0020FF29 /* pasterTemplateImageView10.png */ = {isa = PBXFileReference; lastKnownFileType = image.png; path = pasterTemplateImageView10.png; sourceTree = "<group>"; };
		18D451921519CF6D0020FF29 /* pasterTemplateImageView11.png */ = {isa = PBXFileReference; lastKnownFileType = image.png; path = pasterTemplateImageView11.png; sourceTree = "<group>"; };
		18D451931519CF6D0020FF29 /* pasterTemplateImageView12.png */ = {isa = PBXFileReference; lastKnownFileType = image.png; path = pasterTemplateImageView12.png; sourceTree = "<group>"; };
		18D451941519CF6D0020FF29 /* pasterTemplateImageView2.png */ = {isa = PBXFileReference; lastKnownFileType = image.png; path = pasterTemplateImageView2.png; sourceTree = "<group>"; };
		18D451951519CF6D0020FF29 /* pasterTemplateImageView3.png */ = {isa = PBXFileReference; lastKnownFileType = image.png; path = pasterTemplateImageView3.png; sourceTree = "<group>"; };
		18D451961519CF6D0020FF29 /* pasterTemplateImageView4.png */ = {isa = PBXFileReference; lastKnownFileType = image.png; path = pasterTemplateImageView4.png; sourceTree = "<group>"; };
		18D451971519CF6D0020FF29 /* pasterTemplateImageView5.png */ = {isa = PBXFileReference; lastKnownFileType = image.png; path = pasterTemplateImageView5.png; sourceTree = "<group>"; };
		18D451981519CF6D0020FF29 /* pasterTemplateImageView6.png */ = {isa = PBXFileReference; lastKnownFileType = image.png; path = pasterTemplateImageView6.png; sourceTree = "<group>"; };
		18D451991519CF6D0020FF29 /* pasterTemplateImageView7.png */ = {isa = PBXFileReference; lastKnownFileType = image.png; path = pasterTemplateImageView7.png; sourceTree = "<group>"; };
		18D4519A1519CF6D0020FF29 /* pasterTemplateImageView8.png */ = {isa = PBXFileReference; lastKnownFileType = image.png; path = pasterTemplateImageView8.png; sourceTree = "<group>"; };
		18D4519B1519CF6D0020FF29 /* pasterTemplateImageView9.png */ = {isa = PBXFileReference; lastKnownFileType = image.png; path = pasterTemplateImageView9.png; sourceTree = "<group>"; };
		18D4519D1519CF6D0020FF29 /* uncreateCirclePasterButton.png */ = {isa = PBXFileReference; lastKnownFileType = image.png; path = uncreateCirclePasterButton.png; sourceTree = "<group>"; };
		18D4519E1519CF6D0020FF29 /* uncreateEllipsePasterButton.png */ = {isa = PBXFileReference; lastKnownFileType = image.png; path = uncreateEllipsePasterButton.png; sourceTree = "<group>"; };
		18D451A01519CF6D0020FF29 /* uncreatePentaclePasterButton.png */ = {isa = PBXFileReference; lastKnownFileType = image.png; path = uncreatePentaclePasterButton.png; sourceTree = "<group>"; };
		18D451A11519CF6D0020FF29 /* uncreateRectanglePasterButton.png */ = {isa = PBXFileReference; lastKnownFileType = image.png; path = uncreateRectanglePasterButton.png; sourceTree = "<group>"; };
		18D451A21519CF6D0020FF29 /* uncreateSquarePasterButton.png */ = {isa = PBXFileReference; lastKnownFileType = image.png; path = uncreateSquarePasterButton.png; sourceTree = "<group>"; };
		18D451A41519CF6D0020FF29 /* uncreateTrianglePasterButton.png */ = {isa = PBXFileReference; lastKnownFileType = image.png; path = uncreateTrianglePasterButton.png; sourceTree = "<group>"; };
		18D820FC15219B4100A720D7 /* clearButton.png */ = {isa = PBXFileReference; lastKnownFileType = image.png; name = clearButton.png; path = enterAlbumButton/clearButton.png; sourceTree = "<group>"; };
		18D820FF1521B5E100A720D7 /* pasterTemplateButton4.png */ = {isa = PBXFileReference; lastKnownFileType = image.png; path = pasterTemplateButton4.png; sourceTree = "<group>"; };
		18D821011521B67800A720D7 /* pasterTemplateButton6.png */ = {isa = PBXFileReference; lastKnownFileType = image.png; path = pasterTemplateButton6.png; sourceTree = "<group>"; };
		18E1AD3A1522F0E100DAFE4D /* drawWorkBackgroundImageView1.png */ = {isa = PBXFileReference; lastKnownFileType = image.png; path = drawWorkBackgroundImageView1.png; sourceTree = "<group>"; };
		18E1AD3B1522F0E100DAFE4D /* drawWorkBackgroundImageView2.png */ = {isa = PBXFileReference; lastKnownFileType = image.png; path = drawWorkBackgroundImageView2.png; sourceTree = "<group>"; };
		18E1AD3C1522F0E100DAFE4D /* drawWorkBackgroundImageView3.png */ = {isa = PBXFileReference; lastKnownFileType = image.png; path = drawWorkBackgroundImageView3.png; sourceTree = "<group>"; };
		18E1AD3D1522F0E100DAFE4D /* drawWorkBackgroundImageView4.png */ = {isa = PBXFileReference; lastKnownFileType = image.png; path = drawWorkBackgroundImageView4.png; sourceTree = "<group>"; };
		18E6923815172C400076E1EB /* SWNavigationViewController.h */ = {isa = PBXFileReference; fileEncoding = 4; lastKnownFileType = sourcecode.c.h; path = SWNavigationViewController.h; sourceTree = "<group>"; };
		18E6923915172C400076E1EB /* SWNavigationViewController.m */ = {isa = PBXFileReference; fileEncoding = 4; lastKnownFileType = sourcecode.c.objc; path = SWNavigationViewController.m; sourceTree = "<group>"; };
		18E6923A15172C400076E1EB /* SWNavigationViewController.xib */ = {isa = PBXFileReference; fileEncoding = 4; lastKnownFileType = file.xib; path = SWNavigationViewController.xib; sourceTree = "<group>"; };
		18E6923F15172CF30076E1EB /* backgroundImageViewNV.png */ = {isa = PBXFileReference; lastKnownFileType = image.png; path = backgroundImageViewNV.png; sourceTree = "<group>"; };
		18E6924015172CF30076E1EB /* drawAlbumButton.png */ = {isa = PBXFileReference; lastKnownFileType = image.png; path = drawAlbumButton.png; sourceTree = "<group>"; };
		18E6924115172CF30076E1EB /* drawViewButton.png */ = {isa = PBXFileReference; lastKnownFileType = image.png; path = drawViewButton.png; sourceTree = "<group>"; };
		18E6924215172CF30076E1EB /* pasterWonderLandButton.png */ = {isa = PBXFileReference; lastKnownFileType = image.png; path = pasterWonderLandButton.png; sourceTree = "<group>"; };
		18E6924315172CF30076E1EB /* sketchWonderlandImageView.png */ = {isa = PBXFileReference; lastKnownFileType = image.png; path = sketchWonderlandImageView.png; sourceTree = "<group>"; };
		18EB663B15187E6B00F8CAA1 /* backgroundImageView.png */ = {isa = PBXFileReference; lastKnownFileType = image.png; path = backgroundImageView.png; sourceTree = "<group>"; };
		18EB664415187E6B00F8CAA1 /* returnButton.png */ = {isa = PBXFileReference; lastKnownFileType = image.png; path = returnButton.png; sourceTree = "<group>"; };
		18EB665315187F2200F8CAA1 /* SWPasterWonderlandViewController.h */ = {isa = PBXFileReference; fileEncoding = 4; lastKnownFileType = sourcecode.c.h; path = SWPasterWonderlandViewController.h; sourceTree = "<group>"; };
		18EB665415187F2200F8CAA1 /* SWPasterWonderlandViewController.m */ = {isa = PBXFileReference; fileEncoding = 4; lastKnownFileType = sourcecode.c.objc; path = SWPasterWonderlandViewController.m; sourceTree = "<group>"; };
		18EB665515187F2200F8CAA1 /* SWPasterWonderlandViewController.xib */ = {isa = PBXFileReference; fileEncoding = 4; lastKnownFileType = file.xib; path = SWPasterWonderlandViewController.xib; sourceTree = "<group>"; };
		18EB6658151892D400F8CAA1 /* SWDrawViewController.h */ = {isa = PBXFileReference; fileEncoding = 4; lastKnownFileType = sourcecode.c.h; path = SWDrawViewController.h; sourceTree = "<group>"; };
		18EB6659151892D400F8CAA1 /* SWDrawViewController.m */ = {isa = PBXFileReference; fileEncoding = 4; lastKnownFileType = sourcecode.c.objc; path = SWDrawViewController.m; sourceTree = "<group>"; };
		18EB665A151892D400F8CAA1 /* SWDrawViewController.xib */ = {isa = PBXFileReference; fileEncoding = 4; lastKnownFileType = file.xib; path = SWDrawViewController.xib; sourceTree = "<group>"; };
		18EB66711518930E00F8CAA1 /* DVCbackgroundImageView.png */ = {isa = PBXFileReference; lastKnownFileType = image.png; path = DVCbackgroundImageView.png; sourceTree = "<group>"; };
		18EB66731518930E00F8CAA1 /* grayMaskImageView.png */ = {isa = PBXFileReference; lastKnownFileType = image.png; path = grayMaskImageView.png; sourceTree = "<group>"; };
		18EB66741518930E00F8CAA1 /* redoButton.png */ = {isa = PBXFileReference; lastKnownFileType = image.png; path = redoButton.png; sourceTree = "<group>"; };
		18EB66751518930E00F8CAA1 /* removeGeometryPasterButton.png */ = {isa = PBXFileReference; lastKnownFileType = image.png; path = removeGeometryPasterButton.png; sourceTree = "<group>"; };
		18EB66761518930E00F8CAA1 /* returnButton.png */ = {isa = PBXFileReference; lastKnownFileType = image.png; path = returnButton.png; sourceTree = "<group>"; };
		18EB66771518930E00F8CAA1 /* saveButton.png */ = {isa = PBXFileReference; lastKnownFileType = image.png; path = saveButton.png; sourceTree = "<group>"; };
		18EB66781518930E00F8CAA1 /* undoButton.png */ = {isa = PBXFileReference; lastKnownFileType = image.png; path = undoButton.png; sourceTree = "<group>"; };
		A3B5BD5014BC200500CA3006 /* SketchWonderLand.app */ = {isa = PBXFileReference; explicitFileType = wrapper.application; includeInIndex = 0; path = SketchWonderLand.app; sourceTree = BUILT_PRODUCTS_DIR; };
		A3B5BD5414BC200500CA3006 /* UIKit.framework */ = {isa = PBXFileReference; lastKnownFileType = wrapper.framework; name = UIKit.framework; path = System/Library/Frameworks/UIKit.framework; sourceTree = SDKROOT; };
		A3B5BD5614BC200500CA3006 /* Foundation.framework */ = {isa = PBXFileReference; lastKnownFileType = wrapper.framework; name = Foundation.framework; path = System/Library/Frameworks/Foundation.framework; sourceTree = SDKROOT; };
		A3B5BD5814BC200500CA3006 /* CoreGraphics.framework */ = {isa = PBXFileReference; lastKnownFileType = wrapper.framework; name = CoreGraphics.framework; path = System/Library/Frameworks/CoreGraphics.framework; sourceTree = SDKROOT; };
		A3B5BD5C14BC200500CA3006 /* SketchWonderLand-Info.plist */ = {isa = PBXFileReference; lastKnownFileType = text.plist.xml; path = "SketchWonderLand-Info.plist"; sourceTree = "<group>"; };
		A3B5BD5E14BC200500CA3006 /* en */ = {isa = PBXFileReference; lastKnownFileType = text.plist.strings; name = en; path = en.lproj/InfoPlist.strings; sourceTree = "<group>"; };
		A3B5BD6014BC200500CA3006 /* main.m */ = {isa = PBXFileReference; lastKnownFileType = sourcecode.c.objc; path = main.m; sourceTree = "<group>"; };
		A3B5BD6214BC200500CA3006 /* SketchWonderLand-Prefix.pch */ = {isa = PBXFileReference; lastKnownFileType = sourcecode.c.h; path = "SketchWonderLand-Prefix.pch"; sourceTree = "<group>"; };
		A3B5BD6314BC200500CA3006 /* SketchWonderLandAppDelegate.h */ = {isa = PBXFileReference; lastKnownFileType = sourcecode.c.h; path = SketchWonderLandAppDelegate.h; sourceTree = "<group>"; };
		A3B5BD6414BC200500CA3006 /* SketchWonderLandAppDelegate.m */ = {isa = PBXFileReference; lastKnownFileType = sourcecode.c.objc; path = SketchWonderLandAppDelegate.m; sourceTree = "<group>"; };
		A3B5BD6714BC200500CA3006 /* en */ = {isa = PBXFileReference; lastKnownFileType = file.xib; name = en; path = en.lproj/MainWindow.xib; sourceTree = "<group>"; };
		A3B5BD6914BC200500CA3006 /* SketchWonderLandViewController.h */ = {isa = PBXFileReference; lastKnownFileType = sourcecode.c.h; path = SketchWonderLandViewController.h; sourceTree = "<group>"; };
		A3B5BD6A14BC200500CA3006 /* SketchWonderLandViewController.m */ = {isa = PBXFileReference; lastKnownFileType = sourcecode.c.objc; path = SketchWonderLandViewController.m; sourceTree = "<group>"; };
		A3B5BD6D14BC200500CA3006 /* en */ = {isa = PBXFileReference; lastKnownFileType = file.xib; name = en; path = en.lproj/SketchWonderLandViewController.xib; sourceTree = "<group>"; };
/* End PBXFileReference section */

/* Begin PBXFrameworksBuildPhase section */
		A3B5BD4D14BC200500CA3006 /* Frameworks */ = {
			isa = PBXFrameworksBuildPhase;
			buildActionMask = 2147483647;
			files = (
				18C88F5914DA41EC00038D1C /* QuartzCore.framework in Frameworks */,
				18C88F5614DA41DB00038D1C /* CFNetwork.framework in Frameworks */,
				A3B5BD5514BC200500CA3006 /* UIKit.framework in Frameworks */,
				A3B5BD5714BC200500CA3006 /* Foundation.framework in Frameworks */,
				A3B5BD5914BC200500CA3006 /* CoreGraphics.framework in Frameworks */,
			);
			runOnlyForDeploymentPostprocessing = 0;
		};
/* End PBXFrameworksBuildPhase section */

/* Begin PBXGroup section */
		181BB4B2152985D70090E900 /* SWHelpViewController */ = {
			isa = PBXGroup;
			children = (
				181BB4B3152985D70090E900 /* backgroundImageViewHV.png */,
				181BB4B4152985D70090E900 /* beforeButton.png */,
				181BB4B5152985D70090E900 /* help.psd */,
				181BB4B6152985D70090E900 /* helpImageView1.png */,
				181BB4B7152985D70090E900 /* helpImageView2.png */,
				181BB4B8152985D70090E900 /* helpImageView3.png */,
				181BB4B9152985D70090E900 /* helpImageView4.png */,
				181BB4BA152985D70090E900 /* nextButton.png */,
				181BB4BB152985D70090E900 /* returnButton.png */,
			);
			path = SWHelpViewController;
			sourceTree = "<group>";
		};
		183D7165152493E300F30569 /* colorButton */ = {
			isa = PBXGroup;
			children = (
				183D7167152493E300F30569 /* colorButton1.png */,
				183D7168152493E300F30569 /* colorButton10.png */,
				183D7169152493E300F30569 /* colorButton11.png */,
				183D716A152493E300F30569 /* colorButton12.png */,
				183D716B152493E300F30569 /* colorButton13.png */,
				183D716C152493E300F30569 /* colorButton14.png */,
				183D716D152493E300F30569 /* colorButton15.png */,
				183D716E152493E300F30569 /* colorButton16.png */,
				183D716F152493E300F30569 /* colorButton17.png */,
				183D7170152493E300F30569 /* colorButton18.png */,
				183D7171152493E300F30569 /* colorButton2.png */,
				183D7172152493E300F30569 /* colorButton3.png */,
				183D7173152493E300F30569 /* colorButton4.png */,
				183D7174152493E300F30569 /* colorButton5.png */,
				183D7175152493E300F30569 /* colorButton6.png */,
				183D7176152493E300F30569 /* colorButton7.png */,
				183D7177152493E300F30569 /* colorButton8.png */,
				183D7178152493E300F30569 /* colorButton9.png */,
			);
			path = colorButton;
			sourceTree = "<group>";
		};
		183D718C1524962700F30569 /* SWCreateGeometryPasterViewController */ = {
			isa = PBXGroup;
			children = (
				183D718D1524962700F30569 /* doGoodImageView.png */,
				183D718E1524962700F30569 /* doNotGoodImageView.png */,
				183D718F1524962700F30569 /* geometryPasterTemplateImageView */,
			);
			path = SWCreateGeometryPasterViewController;
			sourceTree = "<group>";
		};
		183D718F1524962700F30569 /* geometryPasterTemplateImageView */ = {
			isa = PBXGroup;
			children = (
				183D71901524962700F30569 /* circlePasterTemplateImageView.png */,
				183D71911524962700F30569 /* ellipsePasterTemplateImageView.png */,
				183D71921524962700F30569 /* geometryPasterTemplateImageView.psd */,
				183D71931524962700F30569 /* pentaclePasterTemplateImageView.png */,
				183D71941524962700F30569 /* rectanglePasterTemplateImageView.png */,
				183D71951524962700F30569 /* squarePasterTemplateImageView.png */,
				183D71961524962700F30569 /* trapeziumPasterTemplateImageView.png */,
				183D71971524962700F30569 /* trianglePasterTemplateImageView.png */,
			);
			path = geometryPasterTemplateImageView;
			sourceTree = "<group>";
		};
		18401D4C152AA7190016275B /* SWPromptDialog */ = {
			isa = PBXGroup;
			children = (
				18401D4D152AA7190016275B /* basicBackgroundImageView.png */,
				18401D4E152AA7190016275B /* cancleButton.png */,
				18401D4F152AA7190016275B /* confirmButton.png */,
				18401D50152AA7190016275B /* promptBackgroundImageView.png */,
				18401D51152AA7190016275B /* promptTextLabel */,
			);
			path = SWPromptDialog;
			sourceTree = "<group>";
		};
		18401D51152AA7190016275B /* promptTextLabel */ = {
			isa = PBXGroup;
			children = (
			);
			path = promptTextLabel;
			sourceTree = "<group>";
		};
		18A68C521522BF68006A594F /* SWDrawAlbumViewController */ = {
			isa = PBXGroup;
			children = (
				18A68C531522BF68006A594F /* backgroundImageViewDAV.png */,
				18A68C541522BF68006A594F /* drawWorkImageView */,
				18A68C551522BF68006A594F /* returnButton.png */,
			);
			path = SWDrawAlbumViewController;
			sourceTree = "<group>";
		};
		18A68C541522BF68006A594F /* drawWorkImageView */ = {
			isa = PBXGroup;
			children = (
				181BB4CA152990340090E900 /* drawWorkBackgroundImageView0.png */,
				18E1AD3A1522F0E100DAFE4D /* drawWorkBackgroundImageView1.png */,
				18E1AD3B1522F0E100DAFE4D /* drawWorkBackgroundImageView2.png */,
				18E1AD3C1522F0E100DAFE4D /* drawWorkBackgroundImageView3.png */,
				18E1AD3D1522F0E100DAFE4D /* drawWorkBackgroundImageView4.png */,
			);
			path = drawWorkImageView;
			sourceTree = "<group>";
		};
		18C141CF1519DB5300632778 /* pasterTemplateButton */ = {
			isa = PBXGroup;
			children = (
				18C141D01519DB5300632778 /* pasterTemplateButton1.png */,
				18C141D11519DB5300632778 /* pasterTemplateButton10.png */,
				18C141D21519DB5300632778 /* pasterTemplateButton11.png */,
				18C141D31519DB5300632778 /* pasterTemplateButton12.png */,
				18C141D41519DB5300632778 /* pasterTemplateButton2.png */,
				18C141D51519DB5300632778 /* pasterTemplateButton3.png */,
				18D820FF1521B5E100A720D7 /* pasterTemplateButton4.png */,
				18C141D71519DB5300632778 /* pasterTemplateButton5.png */,
				18D821011521B67800A720D7 /* pasterTemplateButton6.png */,
				18C141D91519DB5300632778 /* pasterTemplateButton7.png */,
				18C141DA1519DB5300632778 /* pasterTemplateButton8.png */,
				18C141DB1519DB5300632778 /* pasterTemplateButton9.png */,
			);
			path = pasterTemplateButton;
			sourceTree = "<group>";
		};
		18C88F5D14DA42C000038D1C /* OpenFlow */ = {
			isa = PBXGroup;
			children = (
				18C88F5F14DA42FB00038D1C /* AFItemView.m */,
				18C88F6014DA42FB00038D1C /* AFOpenFlowConstants.h */,
				18C88F6114DA42FB00038D1C /* AFOpenFlowView.h */,
				18C88F6214DA42FB00038D1C /* AFOpenFlowView.m */,
				18C88F6314DA42FB00038D1C /* AFUIImageReflection.h */,
				18C88F6414DA42FB00038D1C /* AFUIImageReflection.m */,
				18C88F5E14DA42DE00038D1C /* AFItemView.h */,
			);
			name = OpenFlow;
			sourceTree = "<group>";
		};
		18D3C8621521BE1C00E2C732 /* createGeometryPasterImageView */ = {
			isa = PBXGroup;
			children = (
				18D3C8631521BE1C00E2C732 /* createCirclePasterButton.png */,
				18D3C8641521BE1C00E2C732 /* createEllipsePasterButton.png */,
				18D3C8651521BE1C00E2C732 /* createGeometryPasterImageView.png */,
				18D3C8671521BE1C00E2C732 /* createPentaclePasterButton.png */,
				18D3C8681521BE1C00E2C732 /* createRectanglePasterButton.png */,
				18D3C8691521BE1C00E2C732 /* createSquarePasterButton.png */,
				18D3C86A1521BE1C00E2C732 /* createTrapeziumPasterButton.png */,
				18D3C86B1521BE1C00E2C732 /* createTrianglePasterButton.png */,
			);
			path = createGeometryPasterImageView;
			sourceTree = "<group>";
		};
		18D4518B1519CF6D0020FF29 /* SWEditPasterTemplateViewController */ = {
			isa = PBXGroup;
			children = (
				18D3C8621521BE1C00E2C732 /* createGeometryPasterImageView */,
				18D3C8601521BB9100E2C732 /* createGeometryPasterButton.png */,
				18A64FD51529E67E005692C1 /* geometryPasterLibraryImageView.png */,
				18D4518C1519CF6D0020FF29 /* createdGeometryPasterButton */,
				18D4518E1519CF6D0020FF29 /* pasterTemplateImageView */,
				18D4519C1519CF6D0020FF29 /* uncreateGeometryPasterButton */,
			);
			path = SWEditPasterTemplateViewController;
			sourceTree = "<group>";
		};
		18D4518C1519CF6D0020FF29 /* createdGeometryPasterButton */ = {
			isa = PBXGroup;
			children = (
			);
			path = createdGeometryPasterButton;
			sourceTree = "<group>";
		};
		18D4518E1519CF6D0020FF29 /* pasterTemplateImageView */ = {
			isa = PBXGroup;
			children = (
				18D451901519CF6D0020FF29 /* pasterTemplateImageView1.png */,
				18D451911519CF6D0020FF29 /* pasterTemplateImageView10.png */,
				18D451921519CF6D0020FF29 /* pasterTemplateImageView11.png */,
				18D451931519CF6D0020FF29 /* pasterTemplateImageView12.png */,
				18D451941519CF6D0020FF29 /* pasterTemplateImageView2.png */,
				18D451951519CF6D0020FF29 /* pasterTemplateImageView3.png */,
				18D451961519CF6D0020FF29 /* pasterTemplateImageView4.png */,
				18D451971519CF6D0020FF29 /* pasterTemplateImageView5.png */,
				18D451981519CF6D0020FF29 /* pasterTemplateImageView6.png */,
				18D451991519CF6D0020FF29 /* pasterTemplateImageView7.png */,
				18D4519A1519CF6D0020FF29 /* pasterTemplateImageView8.png */,
				18D4519B1519CF6D0020FF29 /* pasterTemplateImageView9.png */,
			);
			path = pasterTemplateImageView;
			sourceTree = "<group>";
		};
		18D4519C1519CF6D0020FF29 /* uncreateGeometryPasterButton */ = {
			isa = PBXGroup;
			children = (
				18D4519D1519CF6D0020FF29 /* uncreateCirclePasterButton.png */,
				18D4519E1519CF6D0020FF29 /* uncreateEllipsePasterButton.png */,
				18D451A01519CF6D0020FF29 /* uncreatePentaclePasterButton.png */,
				18D451A11519CF6D0020FF29 /* uncreateRectanglePasterButton.png */,
				18D3C85E1521BB1300E2C732 /* uncreateTrapeziumPasterButton.png */,
				18D451A21519CF6D0020FF29 /* uncreateSquarePasterButton.png */,
				18D451A41519CF6D0020FF29 /* uncreateTrianglePasterButton.png */,
			);
			path = uncreateGeometryPasterButton;
			sourceTree = "<group>";
		};
		18E6923E15172CB40076E1EB /* SWNavigationView */ = {
			isa = PBXGroup;
			children = (
				18E6923F15172CF30076E1EB /* backgroundImageViewNV.png */,
				18E6924015172CF30076E1EB /* drawAlbumButton.png */,
				18E6924115172CF30076E1EB /* drawViewButton.png */,
				18E6924215172CF30076E1EB /* pasterWonderLandButton.png */,
				18E6924315172CF30076E1EB /* sketchWonderlandImageView.png */,
			);
			name = SWNavigationView;
			sourceTree = "<group>";
		};
		18EB663A15187E6B00F8CAA1 /* SWPasterWonderlandViewController */ = {
			isa = PBXGroup;
			children = (
				18C141CF1519DB5300632778 /* pasterTemplateButton */,
				18EB663B15187E6B00F8CAA1 /* backgroundImageView.png */,
				18EB664315187E6B00F8CAA1 /* pasterWorkButton */,
				18EB664415187E6B00F8CAA1 /* returnButton.png */,
			);
			path = SWPasterWonderlandViewController;
			sourceTree = "<group>";
		};
		18EB664315187E6B00F8CAA1 /* pasterWorkButton */ = {
			isa = PBXGroup;
			children = (
			);
			path = pasterWorkButton;
			sourceTree = "<group>";
		};
		18EB665D1518930E00F8CAA1 /* SWDrawViewController */ = {
			isa = PBXGroup;
			children = (
				183D7165152493E300F30569 /* colorButton */,
				18EB66711518930E00F8CAA1 /* DVCbackgroundImageView.png */,
				18EB66721518930E00F8CAA1 /* enterAlbumButton */,
				18EB66731518930E00F8CAA1 /* grayMaskImageView.png */,
				18D820FC15219B4100A720D7 /* clearButton.png */,
				18EB66741518930E00F8CAA1 /* redoButton.png */,
				18EB66751518930E00F8CAA1 /* removeGeometryPasterButton.png */,
				18EB66761518930E00F8CAA1 /* returnButton.png */,
				18EB66771518930E00F8CAA1 /* saveButton.png */,
				18EB66781518930E00F8CAA1 /* undoButton.png */,
			);
			path = SWDrawViewController;
			sourceTree = "<group>";
		};
		18EB66721518930E00F8CAA1 /* enterAlbumButton */ = {
			isa = PBXGroup;
			children = (
				180C51CB151B4ADE00792551 /* enterAlumButton.png */,
			);
			path = enterAlbumButton;
			sourceTree = "<group>";
		};
		A3643B4E14BC23E7004EECBC /* PictureResources */ = {
			isa = PBXGroup;
			children = (
				18401D4C152AA7190016275B /* SWPromptDialog */,
				181BB4B2152985D70090E900 /* SWHelpViewController */,
				183D718C1524962700F30569 /* SWCreateGeometryPasterViewController */,
				18A68C521522BF68006A594F /* SWDrawAlbumViewController */,
				18D4518B1519CF6D0020FF29 /* SWEditPasterTemplateViewController */,
				18EB665D1518930E00F8CAA1 /* SWDrawViewController */,
				18EB663A15187E6B00F8CAA1 /* SWPasterWonderlandViewController */,
				18E6923E15172CB40076E1EB /* SWNavigationView */,
			);
			name = PictureResources;
			sourceTree = "<group>";
		};
		A3B5BD4514BC200500CA3006 = {
			isa = PBXGroup;
			children = (
				18C88F5814DA41EC00038D1C /* QuartzCore.framework */,
				18C88F5514DA41DB00038D1C /* CFNetwork.framework */,
				A3B5BD5A14BC200500CA3006 /* SketchWonderLand */,
				A3B5BD5314BC200500CA3006 /* Frameworks */,
				A3B5BD5114BC200500CA3006 /* Products */,
			);
			sourceTree = "<group>";
		};
		A3B5BD5114BC200500CA3006 /* Products */ = {
			isa = PBXGroup;
			children = (
				A3B5BD5014BC200500CA3006 /* SketchWonderLand.app */,
			);
			name = Products;
			sourceTree = "<group>";
		};
		A3B5BD5314BC200500CA3006 /* Frameworks */ = {
			isa = PBXGroup;
			children = (
				A3B5BD5414BC200500CA3006 /* UIKit.framework */,
				A3B5BD5614BC200500CA3006 /* Foundation.framework */,
				A3B5BD5814BC200500CA3006 /* CoreGraphics.framework */,
			);
			name = Frameworks;
			sourceTree = "<group>";
		};
		A3B5BD5A14BC200500CA3006 /* SketchWonderLand */ = {
			isa = PBXGroup;
			children = (
				18C88F5D14DA42C000038D1C /* OpenFlow */,
				A3643B4E14BC23E7004EECBC /* PictureResources */,
				A3B5BD6314BC200500CA3006 /* SketchWonderLandAppDelegate.h */,
				A3B5BD6414BC200500CA3006 /* SketchWonderLandAppDelegate.m */,
				A3B5BD6614BC200500CA3006 /* MainWindow.xib */,
				18E6923815172C400076E1EB /* SWNavigationViewController.h */,
				18E6923915172C400076E1EB /* SWNavigationViewController.m */,
				18E6923A15172C400076E1EB /* SWNavigationViewController.xib */,
				18EB665315187F2200F8CAA1 /* SWPasterWonderlandViewController.h */,
				18EB665415187F2200F8CAA1 /* SWPasterWonderlandViewController.m */,
				18EB665515187F2200F8CAA1 /* SWPasterWonderlandViewController.xib */,
				18EB6658151892D400F8CAA1 /* SWDrawViewController.h */,
				18EB6659151892D400F8CAA1 /* SWDrawViewController.m */,
				18EB665A151892D400F8CAA1 /* SWDrawViewController.xib */,
				A3B5BD6914BC200500CA3006 /* SketchWonderLandViewController.h */,
				A3B5BD6A14BC200500CA3006 /* SketchWonderLandViewController.m */,
				A3B5BD6C14BC200500CA3006 /* SketchWonderLandViewController.xib */,
				18A68C4C1522BF17006A594F /* SWDrawAlbumViewController.h */,
				18A68C4D1522BF17006A594F /* SWDrawAlbumViewController.m */,
				18A68C4E1522BF17006A594F /* SWDrawAlbumViewController.xib */,
				181BB4D4152996AC0090E900 /* SWHelpViewController.h */,
				181BB4D5152996AC0090E900 /* SWHelpViewController.m */,
				181BB4D6152996AC0090E900 /* SWHelpViewController.xib */,
				A3B5BD5B14BC200500CA3006 /* Supporting Files */,
			);
			path = SketchWonderLand;
			sourceTree = "<group>";
		};
		A3B5BD5B14BC200500CA3006 /* Supporting Files */ = {
			isa = PBXGroup;
			children = (
				A3B5BD5C14BC200500CA3006 /* SketchWonderLand-Info.plist */,
				A3B5BD5D14BC200500CA3006 /* InfoPlist.strings */,
				A3B5BD6014BC200500CA3006 /* main.m */,
				A3B5BD6214BC200500CA3006 /* SketchWonderLand-Prefix.pch */,
			);
			name = "Supporting Files";
			sourceTree = "<group>";
		};
/* End PBXGroup section */

/* Begin PBXNativeTarget section */
		A3B5BD4F14BC200500CA3006 /* SketchWonderLand */ = {
			isa = PBXNativeTarget;
			buildConfigurationList = A3B5BD7114BC200500CA3006 /* Build configuration list for PBXNativeTarget "SketchWonderLand" */;
			buildPhases = (
				A3B5BD4C14BC200500CA3006 /* Sources */,
				A3B5BD4D14BC200500CA3006 /* Frameworks */,
				A3B5BD4E14BC200500CA3006 /* Resources */,
			);
			buildRules = (
			);
			dependencies = (
			);
			name = SketchWonderLand;
			productName = SketchWonderLand;
			productReference = A3B5BD5014BC200500CA3006 /* SketchWonderLand.app */;
			productType = "com.apple.product-type.application";
		};
/* End PBXNativeTarget section */

/* Begin PBXProject section */
		A3B5BD4714BC200500CA3006 /* Project object */ = {
			isa = PBXProject;
			buildConfigurationList = A3B5BD4A14BC200500CA3006 /* Build configuration list for PBXProject "SketchWonderLand" */;
			compatibilityVersion = "Xcode 3.2";
			developmentRegion = English;
			hasScannedForEncodings = 0;
			knownRegions = (
				en,
			);
			mainGroup = A3B5BD4514BC200500CA3006;
			productRefGroup = A3B5BD5114BC200500CA3006 /* Products */;
			projectDirPath = "";
			projectRoot = "";
			targets = (
				A3B5BD4F14BC200500CA3006 /* SketchWonderLand */,
			);
		};
/* End PBXProject section */

/* Begin PBXResourcesBuildPhase section */
		A3B5BD4E14BC200500CA3006 /* Resources */ = {
			isa = PBXResourcesBuildPhase;
			buildActionMask = 2147483647;
			files = (
				A3B5BD5F14BC200500CA3006 /* InfoPlist.strings in Resources */,
				A3B5BD6814BC200500CA3006 /* MainWindow.xib in Resources */,
				A3B5BD6E14BC200500CA3006 /* SketchWonderLandViewController.xib in Resources */,
				18E6923C15172C400076E1EB /* SWNavigationViewController.xib in Resources */,
				18E6924415172CF30076E1EB /* backgroundImageViewNV.png in Resources */,
				18E6924515172CF30076E1EB /* drawAlbumButton.png in Resources */,
				18E6924615172CF30076E1EB /* drawViewButton.png in Resources */,
				18E6924715172CF30076E1EB /* pasterWonderLandButton.png in Resources */,
				18E6924815172CF30076E1EB /* sketchWonderlandImageView.png in Resources */,
				18EB664515187E6B00F8CAA1 /* backgroundImageView.png in Resources */,
				18EB664C15187E6B00F8CAA1 /* returnButton.png in Resources */,
				18EB665715187F2200F8CAA1 /* SWPasterWonderlandViewController.xib in Resources */,
				18EB665C151892D400F8CAA1 /* SWDrawViewController.xib in Resources */,
				18EB668C1518930E00F8CAA1 /* DVCbackgroundImageView.png in Resources */,
				18EB668D1518930E00F8CAA1 /* grayMaskImageView.png in Resources */,
				18EB668E1518930E00F8CAA1 /* redoButton.png in Resources */,
				18EB668F1518930E00F8CAA1 /* removeGeometryPasterButton.png in Resources */,
				18EB66901518930E00F8CAA1 /* returnButton.png in Resources */,
				18EB66911518930E00F8CAA1 /* saveButton.png in Resources */,
				18EB66921518930E00F8CAA1 /* undoButton.png in Resources */,
				18D451A71519CF6D0020FF29 /* pasterTemplateImageView1.png in Resources */,
				18D451A81519CF6D0020FF29 /* pasterTemplateImageView10.png in Resources */,
				18D451A91519CF6D0020FF29 /* pasterTemplateImageView11.png in Resources */,
				18D451AA1519CF6D0020FF29 /* pasterTemplateImageView12.png in Resources */,
				18D451AB1519CF6D0020FF29 /* pasterTemplateImageView2.png in Resources */,
				18D451AC1519CF6D0020FF29 /* pasterTemplateImageView3.png in Resources */,
				18D451AD1519CF6D0020FF29 /* pasterTemplateImageView4.png in Resources */,
				18D451AE1519CF6D0020FF29 /* pasterTemplateImageView5.png in Resources */,
				18D451AF1519CF6D0020FF29 /* pasterTemplateImageView6.png in Resources */,
				18D451B01519CF6D0020FF29 /* pasterTemplateImageView7.png in Resources */,
				18D451B11519CF6D0020FF29 /* pasterTemplateImageView8.png in Resources */,
				18D451B21519CF6D0020FF29 /* pasterTemplateImageView9.png in Resources */,
				18D451B31519CF6D0020FF29 /* uncreateCirclePasterButton.png in Resources */,
				18D451B41519CF6D0020FF29 /* uncreateEllipsePasterButton.png in Resources */,
				18D451B61519CF6D0020FF29 /* uncreatePentaclePasterButton.png in Resources */,
				18D451B71519CF6D0020FF29 /* uncreateRectanglePasterButton.png in Resources */,
				18D451B81519CF6D0020FF29 /* uncreateSquarePasterButton.png in Resources */,
				18D451BA1519CF6D0020FF29 /* uncreateTrianglePasterButton.png in Resources */,
				18C141DC1519DB5300632778 /* pasterTemplateButton1.png in Resources */,
				18C141DD1519DB5300632778 /* pasterTemplateButton10.png in Resources */,
				18C141DE1519DB5300632778 /* pasterTemplateButton11.png in Resources */,
				18C141DF1519DB5300632778 /* pasterTemplateButton12.png in Resources */,
				18C141E01519DB5300632778 /* pasterTemplateButton2.png in Resources */,
				18C141E11519DB5300632778 /* pasterTemplateButton3.png in Resources */,
				18C141E31519DB5300632778 /* pasterTemplateButton5.png in Resources */,
				18C141E51519DB5300632778 /* pasterTemplateButton7.png in Resources */,
				18C141E61519DB5300632778 /* pasterTemplateButton8.png in Resources */,
				18C141E71519DB5300632778 /* pasterTemplateButton9.png in Resources */,
				180C51CC151B4ADE00792551 /* enterAlumButton.png in Resources */,
				18D820FD15219B4100A720D7 /* clearButton.png in Resources */,
				18D821001521B5E100A720D7 /* pasterTemplateButton4.png in Resources */,
				18D821021521B67800A720D7 /* pasterTemplateButton6.png in Resources */,
				18D3C85F1521BB1300E2C732 /* uncreateTrapeziumPasterButton.png in Resources */,
				18D3C8611521BB9100E2C732 /* createGeometryPasterButton.png in Resources */,
				18D3C86C1521BE1C00E2C732 /* createCirclePasterButton.png in Resources */,
				18D3C86D1521BE1C00E2C732 /* createEllipsePasterButton.png in Resources */,
				18D3C86E1521BE1C00E2C732 /* createGeometryPasterImageView.png in Resources */,
				18D3C8701521BE1C00E2C732 /* createPentaclePasterButton.png in Resources */,
				18D3C8711521BE1C00E2C732 /* createRectanglePasterButton.png in Resources */,
				18D3C8721521BE1C00E2C732 /* createSquarePasterButton.png in Resources */,
				18D3C8731521BE1C00E2C732 /* createTrapeziumPasterButton.png in Resources */,
				18D3C8741521BE1C00E2C732 /* createTrianglePasterButton.png in Resources */,
				18A68C501522BF17006A594F /* SWDrawAlbumViewController.xib in Resources */,
				18A68C561522BF68006A594F /* backgroundImageViewDAV.png in Resources */,
				18A68C571522BF68006A594F /* returnButton.png in Resources */,
				18E1AD3E1522F0E100DAFE4D /* drawWorkBackgroundImageView1.png in Resources */,
				18E1AD3F1522F0E100DAFE4D /* drawWorkBackgroundImageView2.png in Resources */,
				18E1AD401522F0E100DAFE4D /* drawWorkBackgroundImageView3.png in Resources */,
				18E1AD411522F0E100DAFE4D /* drawWorkBackgroundImageView4.png in Resources */,
				183D717A152493E300F30569 /* colorButton1.png in Resources */,
				183D717B152493E300F30569 /* colorButton10.png in Resources */,
				183D717C152493E300F30569 /* colorButton11.png in Resources */,
				183D717D152493E300F30569 /* colorButton12.png in Resources */,
				183D717E152493E300F30569 /* colorButton13.png in Resources */,
				183D717F152493E300F30569 /* colorButton14.png in Resources */,
				183D7180152493E300F30569 /* colorButton15.png in Resources */,
				183D7181152493E300F30569 /* colorButton16.png in Resources */,
				183D7182152493E300F30569 /* colorButton17.png in Resources */,
				183D7183152493E300F30569 /* colorButton18.png in Resources */,
				183D7184152493E300F30569 /* colorButton2.png in Resources */,
				183D7185152493E300F30569 /* colorButton3.png in Resources */,
				183D7186152493E300F30569 /* colorButton4.png in Resources */,
				183D7187152493E300F30569 /* colorButton5.png in Resources */,
				183D7188152493E300F30569 /* colorButton6.png in Resources */,
				183D7189152493E300F30569 /* colorButton7.png in Resources */,
				183D718A152493E300F30569 /* colorButton8.png in Resources */,
				183D718B152493E300F30569 /* colorButton9.png in Resources */,
				183D71981524962700F30569 /* doGoodImageView.png in Resources */,
				183D71991524962700F30569 /* doNotGoodImageView.png in Resources */,
				183D719A1524962700F30569 /* circlePasterTemplateImageView.png in Resources */,
				183D719B1524962700F30569 /* ellipsePasterTemplateImageView.png in Resources */,
				183D719C1524962700F30569 /* geometryPasterTemplateImageView.psd in Resources */,
				183D719D1524962700F30569 /* pentaclePasterTemplateImageView.png in Resources */,
				183D719E1524962700F30569 /* rectanglePasterTemplateImageView.png in Resources */,
				183D719F1524962700F30569 /* squarePasterTemplateImageView.png in Resources */,
				183D71A01524962700F30569 /* trapeziumPasterTemplateImageView.png in Resources */,
				183D71A11524962700F30569 /* trianglePasterTemplateImageView.png in Resources */,
				181BB4BC152985D70090E900 /* backgroundImageViewHV.png in Resources */,
				181BB4BD152985D70090E900 /* beforeButton.png in Resources */,
				181BB4BE152985D70090E900 /* help.psd in Resources */,
				181BB4BF152985D70090E900 /* helpImageView1.png in Resources */,
				181BB4C0152985D70090E900 /* helpImageView2.png in Resources */,
				181BB4C1152985D70090E900 /* helpImageView3.png in Resources */,
				181BB4C2152985D70090E900 /* helpImageView4.png in Resources */,
				181BB4C3152985D70090E900 /* nextButton.png in Resources */,
				181BB4C4152985D70090E900 /* returnButton.png in Resources */,
				181BB4CB152990350090E900 /* drawWorkBackgroundImageView0.png in Resources */,
				181BB4D8152996AD0090E900 /* SWHelpViewController.xib in Resources */,
				18A64FD61529E67E005692C1 /* geometryPasterLibraryImageView.png in Resources */,
				18401D52152AA7190016275B /* basicBackgroundImageView.png in Resources */,
				18401D53152AA7190016275B /* cancleButton.png in Resources */,
				18401D54152AA7190016275B /* confirmButton.png in Resources */,
				18401D55152AA7190016275B /* promptBackgroundImageView.png in Resources */,
			);
			runOnlyForDeploymentPostprocessing = 0;
		};
/* End PBXResourcesBuildPhase section */

/* Begin PBXSourcesBuildPhase section */
		A3B5BD4C14BC200500CA3006 /* Sources */ = {
			isa = PBXSourcesBuildPhase;
			buildActionMask = 2147483647;
			files = (
				A3B5BD6114BC200500CA3006 /* main.m in Sources */,
				A3B5BD6514BC200500CA3006 /* SketchWonderLandAppDelegate.m in Sources */,
				A3B5BD6B14BC200500CA3006 /* SketchWonderLandViewController.m in Sources */,
				18C88F6514DA42FB00038D1C /* AFItemView.m in Sources */,
				18C88F6614DA42FB00038D1C /* AFOpenFlowView.m in Sources */,
				18C88F6714DA42FB00038D1C /* AFUIImageReflection.m in Sources */,
				18E6923B15172C400076E1EB /* SWNavigationViewController.m in Sources */,
				18EB665615187F2200F8CAA1 /* SWPasterWonderlandViewController.m in Sources */,
				18EB665B151892D400F8CAA1 /* SWDrawViewController.m in Sources */,
				18A68C4F1522BF17006A594F /* SWDrawAlbumViewController.m in Sources */,
				181BB4D7152996AD0090E900 /* SWHelpViewController.m in Sources */,
			);
			runOnlyForDeploymentPostprocessing = 0;
		};
/* End PBXSourcesBuildPhase section */

/* Begin PBXVariantGroup section */
		A3B5BD5D14BC200500CA3006 /* InfoPlist.strings */ = {
			isa = PBXVariantGroup;
			children = (
				A3B5BD5E14BC200500CA3006 /* en */,
			);
			name = InfoPlist.strings;
			sourceTree = "<group>";
		};
		A3B5BD6614BC200500CA3006 /* MainWindow.xib */ = {
			isa = PBXVariantGroup;
			children = (
				A3B5BD6714BC200500CA3006 /* en */,
			);
			name = MainWindow.xib;
			sourceTree = "<group>";
		};
		A3B5BD6C14BC200500CA3006 /* SketchWonderLandViewController.xib */ = {
			isa = PBXVariantGroup;
			children = (
				A3B5BD6D14BC200500CA3006 /* en */,
			);
			name = SketchWonderLandViewController.xib;
			sourceTree = "<group>";
		};
/* End PBXVariantGroup section */

/* Begin XCBuildConfiguration section */
		A3B5BD6F14BC200500CA3006 /* Debug */ = {
			isa = XCBuildConfiguration;
			buildSettings = {
				ALWAYS_SEARCH_USER_PATHS = NO;
				ARCHS = "$(ARCHS_UNIVERSAL_IPHONE_OS)";
				"CODE_SIGN_IDENTITY[sdk=iphoneos*]" = "iPhone Developer";
				COPY_PHASE_STRIP = NO;
				GCC_C_LANGUAGE_STANDARD = gnu99;
				GCC_DYNAMIC_NO_PIC = NO;
				GCC_OPTIMIZATION_LEVEL = 0;
				GCC_PREPROCESSOR_DEFINITIONS = (
					"DEBUG=1",
					"$(inherited)",
				);
				GCC_SYMBOLS_PRIVATE_EXTERN = NO;
				GCC_VERSION = com.apple.compilers.llvmgcc42;
				GCC_WARN_ABOUT_MISSING_PROTOTYPES = YES;
				GCC_WARN_ABOUT_RETURN_TYPE = YES;
				GCC_WARN_UNUSED_VARIABLE = YES;
				IPHONEOS_DEPLOYMENT_TARGET = 4.3;
				SDKROOT = iphoneos;
				TARGETED_DEVICE_FAMILY = 2;
			};
			name = Debug;
		};
		A3B5BD7014BC200500CA3006 /* Release */ = {
			isa = XCBuildConfiguration;
			buildSettings = {
				ALWAYS_SEARCH_USER_PATHS = NO;
				ARCHS = "$(ARCHS_UNIVERSAL_IPHONE_OS)";
				"CODE_SIGN_IDENTITY[sdk=iphoneos*]" = "iPhone Developer";
				COPY_PHASE_STRIP = YES;
				GCC_C_LANGUAGE_STANDARD = gnu99;
				GCC_VERSION = com.apple.compilers.llvmgcc42;
				GCC_WARN_ABOUT_MISSING_PROTOTYPES = YES;
				GCC_WARN_ABOUT_RETURN_TYPE = YES;
				GCC_WARN_UNUSED_VARIABLE = YES;
				IPHONEOS_DEPLOYMENT_TARGET = 4.3;
				OTHER_CFLAGS = "-DNS_BLOCK_ASSERTIONS=1";
				SDKROOT = iphoneos;
				TARGETED_DEVICE_FAMILY = 2;
				VALIDATE_PRODUCT = YES;
			};
			name = Release;
		};
		A3B5BD7214BC200500CA3006 /* Debug */ = {
			isa = XCBuildConfiguration;
			buildSettings = {
				GCC_PRECOMPILE_PREFIX_HEADER = YES;
				GCC_PREFIX_HEADER = "SketchWonderLand/SketchWonderLand-Prefix.pch";
				INFOPLIST_FILE = "SketchWonderLand/SketchWonderLand-Info.plist";
				PRODUCT_NAME = "$(TARGET_NAME)";
				WRAPPER_EXTENSION = app;
			};
			name = Debug;
		};
		A3B5BD7314BC200500CA3006 /* Release */ = {
			isa = XCBuildConfiguration;
			buildSettings = {
				GCC_PRECOMPILE_PREFIX_HEADER = YES;
				GCC_PREFIX_HEADER = "SketchWonderLand/SketchWonderLand-Prefix.pch";
				INFOPLIST_FILE = "SketchWonderLand/SketchWonderLand-Info.plist";
				PRODUCT_NAME = "$(TARGET_NAME)";
				WRAPPER_EXTENSION = app;
			};
			name = Release;
		};
/* End XCBuildConfiguration section */

/* Begin XCConfigurationList section */
		A3B5BD4A14BC200500CA3006 /* Build configuration list for PBXProject "SketchWonderLand" */ = {
			isa = XCConfigurationList;
			buildConfigurations = (
				A3B5BD6F14BC200500CA3006 /* Debug */,
				A3B5BD7014BC200500CA3006 /* Release */,
			);
			defaultConfigurationIsVisible = 0;
			defaultConfigurationName = Release;
		};
		A3B5BD7114BC200500CA3006 /* Build configuration list for PBXNativeTarget "SketchWonderLand" */ = {
			isa = XCConfigurationList;
			buildConfigurations = (
				A3B5BD7214BC200500CA3006 /* Debug */,
				A3B5BD7314BC200500CA3006 /* Release */,
			);
			defaultConfigurationIsVisible = 0;
			defaultConfigurationName = Release;
		};
/* End XCConfigurationList section */
	};
	rootObject = A3B5BD4714BC200500CA3006 /* Project object */;
}
